
Microsoft Visual Studio Solution File, Format Version 12.00
# Visual Studio 15
VisualStudioVersion = 15.0.27703.2042
MinimumVisualStudioVersion = 10.0.40219.1
Project("{FAE04EC0-301F-11D3-BF4B-00C04F79EFBC}") = "wstn49stats", "wstn49stats\wstn49stats.csproj", "{812692BB-6DBD-44DD-834C-520EA03CBD10}"
EndProject
Global
	GlobalSection(SolutionConfigurationPlatforms) = preSolution
		Debug|Any CPU = Debug|Any CPU
		Release|Any CPU = Release|Any CPU
	EndGlobalSection
	GlobalSection(ProjectConfigurationPlatforms) = postSolution
		{812692BB-6DBD-44DD-834C-520EA03CBD10}.Debug|Any CPU.ActiveCfg = Debug|Any CPU
		{812692BB-6DBD-44DD-834C-520EA03CBD10}.Debug|Any CPU.Build.0 = Debug|Any CPU
		{812692BB-6DBD-44DD-834C-520EA03CBD10}.Release|Any CPU.ActiveCfg = Release|Any CPU
		{812692BB-6DBD-44DD-834C-520EA03CBD10}.Release|Any CPU.Build.0 = Release|Any CPU
	EndGlobalSection
	GlobalSection(SolutionProperties) = preSolution
		HideSolutionNode = FALSE
	EndGlobalSection
	GlobalSection(ExtensibilityGlobals) = postSolution
		SolutionGuid = {CD575AED-97C9-4997-8134-621580719607}
	EndGlobalSection
EndGlobal
